# THIS IS AN AUTOGENERATED FILE. DO NOT EDIT THIS FILE DIRECTLY.
# yarn lockfile v1


"@babel/parser@^7.23.9":
  version "7.23.9"
  resolved "https://registry.npmmirror.com/@babel/parser/-/parser-7.23.9.tgz"
  integrity sha512-9tcKgqKbs3xGJ+NtKF2ndOBBLVwPjl1SHxPQkd36r3Dlirw3xWUeGaTbqr7uGZcTaxkVNwc+03SVP7aCdWrTlA==

"@babel/runtime@^7.21.0":
  version "7.23.9"
  resolved "https://registry.npmmirror.com/@babel/runtime/-/runtime-7.23.9.tgz"
  integrity sha512-0CX6F+BI2s9dkUqr08KFrAIZgNFj75rdBU/DjCyYLIaV/quFjkk6T+EJ2LkZHyZTbEV4L5p97mNkUsHl2wLFAw==
  dependencies:
    regenerator-runtime "^0.14.0"

"@css-render/plugin-bem@^0.15.12":
  version "0.15.12"
  resolved "https://registry.npmmirror.com/@css-render/plugin-bem/-/plugin-bem-0.15.12.tgz"
  integrity sha512-Lq2jSOZn+wYQtsyaFj6QRz2EzAnd3iW5fZeHO1WSXQdVYwvwGX0ZiH3X2JQgtgYLT1yeGtrwrqJdNdMEUD2xTw==

"@css-render/vue3-ssr@^0.15.10", "@css-render/vue3-ssr@^0.15.12":
  version "0.15.12"
  resolved "https://registry.npmmirror.com/@css-render/vue3-ssr/-/vue3-ssr-0.15.12.tgz"
  integrity sha512-AQLGhhaE0F+rwybRCkKUdzBdTEM/5PZBYy+fSYe1T9z9+yxMuV/k7ZRqa4M69X+EI1W8pa4kc9Iq2VjQkZx4rg==

"@element-plus/icons-vue@^2.3.1":
  version "2.3.1"
  resolved "https://registry.npmmirror.com/@element-plus/icons-vue/-/icons-vue-2.3.1.tgz"
  integrity sha512-XxVUZv48RZAd87ucGS48jPf6pKu0yV5UCg9f4FFwtrYxXOwWuVJo6wOvSLKEoMQKjv8GsX/mhP6UsC1lRwbUWg==

"@emotion/hash@~0.8.0":
  version "0.8.0"
  resolved "https://registry.npmmirror.com/@emotion/hash/-/hash-0.8.0.tgz"
  integrity sha512-kBJtf7PH6aWwZ6fka3zQ0p6SBYzx4fl1LoZXE2RrnYST9Xljm7WfKJrU4g/Xr3Beg72MLrp1AWNUmuYJTL7Cow==

"@esbuild/win32-x64@0.19.12":
  version "0.19.12"
  resolved "https://registry.npmmirror.com/@esbuild/win32-x64/-/win32-x64-0.19.12.tgz"
  integrity sha512-T1QyPSDCyMXaO3pzBkF96E8xMkiRYbUEZADd29SyPGabqxMViNoii+NcK7eWJAEoU6RZyEm5lVSIjTmcdoB9HA==

"@jridgewell/sourcemap-codec@^1.4.15":
  version "1.4.15"
  resolved "https://registry.npmmirror.com/@jridgewell/sourcemap-codec/-/sourcemap-codec-1.4.15.tgz"
  integrity sha512-eF2rxCRulEKXHTRiDrDy6erMYWqNw4LPdQ8UQA4huuxaQsVeRPFl2oM8oDGxMFhJUWZf9McpLtJasDDZb/Bpeg==

"@juggle/resize-observer@^3.3.1":
  version "3.4.0"
  resolved "https://registry.npmmirror.com/@juggle/resize-observer/-/resize-observer-3.4.0.tgz"
  integrity sha512-dfLbk+PwWvFzSxwk3n5ySL0hfBog779o8h68wK/7/APo/7cgyWp5jcXockbxdk5kFRkbeXWm4Fbi9FrdN381sA==

"@mapbox/geojson-rewind@^0.5.2":
  version "0.5.2"
  resolved "https://registry.npmmirror.com/@mapbox/geojson-rewind/-/geojson-rewind-0.5.2.tgz"
  integrity sha512-tJaT+RbYGJYStt7wI3cq4Nl4SXxG8W7JDG5DMJu97V25RnbNg3QtQtf+KD+VLjNpWKYsRvXDNmNrBgEETr1ifA==
  dependencies:
    get-stream "^6.0.1"
    minimist "^1.2.6"

"@mapbox/jsonlint-lines-primitives@^2.0.2":
  version "2.0.2"
  resolved "https://registry.npmmirror.com/@mapbox/jsonlint-lines-primitives/-/jsonlint-lines-primitives-2.0.2.tgz"
  integrity sha512-rY0o9A5ECsTQRVhv7tL/OyDpGAoUB4tTvLiW1DSzQGq4bvTPhNw1VpSNjDJc5GFZ2XuyOtSWSVN05qOtcD71qQ==

"@mapbox/mapbox-gl-supported@^2.0.1":
  version "2.0.1"
  resolved "https://registry.npmmirror.com/@mapbox/mapbox-gl-supported/-/mapbox-gl-supported-2.0.1.tgz"
  integrity sha512-HP6XvfNIzfoMVfyGjBckjiAOQK9WfX0ywdLubuPMPv+Vqf5fj0uCbgBQYpiqcWZT6cbyyRnTSXDheT1ugvF6UQ==

"@mapbox/point-geometry@^0.1.0", "@mapbox/point-geometry@~0.1.0", "@mapbox/point-geometry@0.1.0":
  version "0.1.0"
  resolved "https://registry.npmmirror.com/@mapbox/point-geometry/-/point-geometry-0.1.0.tgz"
  integrity sha512-6j56HdLTwWGO0fJPlrZtdU/B13q8Uwmo18Ck2GnGgN9PCFyKTZ3UbXeEdRFh18i9XQ92eH2VdtpJHpBD3aripQ==

"@mapbox/tiny-sdf@^2.0.6":
  version "2.0.6"
  resolved "https://registry.npmmirror.com/@mapbox/tiny-sdf/-/tiny-sdf-2.0.6.tgz"
  integrity sha512-qMqa27TLw+ZQz5Jk+RcwZGH7BQf5G/TrutJhspsca/3SHwmgKQ1iq+d3Jxz5oysPVYTGP6aXxCo5Lk9Er6YBAA==

"@mapbox/unitbezier@^0.0.1":
  version "0.0.1"
  resolved "https://registry.npmmirror.com/@mapbox/unitbezier/-/unitbezier-0.0.1.tgz"
  integrity sha512-nMkuDXFv60aBr9soUG5q+GvZYL+2KZHVvsqFCzqnkGEf46U2fvmytHaEVc1/YZbiLn8X+eR3QzX1+dwDO1lxlw==

"@mapbox/vector-tile@^1.3.1":
  version "1.3.1"
  resolved "https://registry.npmmirror.com/@mapbox/vector-tile/-/vector-tile-1.3.1.tgz"
  integrity sha512-MCEddb8u44/xfQ3oD+Srl/tNcQoqTw3goGk2oLsrFxOTc3dUp+kAnby3PvAeeBYSMSjSPD1nd1AJA6W49WnoUw==
  dependencies:
    "@mapbox/point-geometry" "~0.1.0"

"@mapbox/whoots-js@^3.1.0":
  version "3.1.0"
  resolved "https://registry.npmmirror.com/@mapbox/whoots-js/-/whoots-js-3.1.0.tgz"
  integrity sha512-Es6WcD0nO5l+2BOQS4uLfNPYQaNDfbot3X1XUoloz+x0mPDS3eeORZJl06HXjwBG1fOGwCRnzK88LMdxKRrd6Q==

"@rollup/rollup-win32-x64-msvc@4.9.6":
  version "4.9.6"
  resolved "https://registry.npmmirror.com/@rollup/rollup-win32-x64-msvc/-/rollup-win32-x64-msvc-4.9.6.tgz"
  integrity sha512-jqzNLhNDvIZOrt69Ce4UjGRpXJBzhUBzawMwnaDAwyHriki3XollsewxWzOzz+4yOFDkuJHtTsZFwMxhYJWmLQ==

"@types/estree@1.0.5":
  version "1.0.5"
  resolved "https://registry.npmmirror.com/@types/estree/-/estree-1.0.5.tgz"
  integrity sha512-/kYRxGDLWzHOB7q+wtSUQlFrtcdUccpfy+X+9iMBpHK8QLLhx2wIPYuS5DYtR9Wa/YlZAbIovy7qVdB1Aq6Lyw==

"@types/katex@^0.16.2":
  version "0.16.7"
  resolved "https://registry.npmmirror.com/@types/katex/-/katex-0.16.7.tgz"
  integrity sha512-HMwFiRujE5PjrgwHQ25+bsLJgowjGjm5Z8FVSf0N6PwgJrwxH0QxzHYDcKsTfV3wva0vzrpqMTJS2jXPr5BMEQ==

"@types/lodash-es@^4.17.9":
  version "4.17.12"
  resolved "https://registry.npmmirror.com/@types/lodash-es/-/lodash-es-4.17.12.tgz"
  integrity sha512-0NgftHUcV4v34VhXm8QBSftKVXtbkBG3ViCjs6+eJ5a6y6Mi/jiFGPc1sC7QK+9BFhWrURE3EOggmWaSxL9OzQ==
  dependencies:
    "@types/lodash" "*"

"@types/lodash@*", "@types/lodash@^4.14.198":
  version "4.14.202"
  resolved "https://registry.npmmirror.com/@types/lodash/-/lodash-4.14.202.tgz"
  integrity sha512-OvlIYQK9tNneDlS0VN54LLd5uiPCBOp7gS5Z0f1mjoJYBrtStzgmJBxONW3U6OZqdtNzZPmn9BS/7WI7BFFcFQ==

"@vitejs/plugin-vue@^5.0.3":
  version "5.0.3"
  resolved "https://registry.npmmirror.com/@vitejs/plugin-vue/-/plugin-vue-5.0.3.tgz"
  integrity sha512-b8S5dVS40rgHdDrw+DQi/xOM9ed+kSRZzfm1T74bMmBDCd8XO87NKlFYInzCtwvtWwXZvo1QxE2OSspTATWrbA==

"@vue/compiler-core@3.4.16":
  version "3.4.16"
  resolved "https://registry.npmmirror.com/@vue/compiler-core/-/compiler-core-3.4.16.tgz"
  integrity sha512-HXgyy7gen4FNJS8Hz2q/NNBEdzD3QInhDTWaP2/mS0TlmV9CnjmXip7TZ0ROYiQM4FgXZCCJvh74yDikFkPpkQ==
  dependencies:
    "@babel/parser" "^7.23.9"
    "@vue/shared" "3.4.16"
    entities "^4.5.0"
    estree-walker "^2.0.2"
    source-map-js "^1.0.2"

"@vue/compiler-dom@3.4.16":
  version "3.4.16"
  resolved "https://registry.npmmirror.com/@vue/compiler-dom/-/compiler-dom-3.4.16.tgz"
  integrity sha512-lvs9ankPzLEuIC5aB72ntLUcwVGmgY7ASkXDRvo9+lUMWOOCqnAmM/64AZPeVAZ4EnjocCE40OUN+ZboNe4ygA==
  dependencies:
    "@vue/compiler-core" "3.4.16"
    "@vue/shared" "3.4.16"

"@vue/compiler-sfc@3.4.16":
  version "3.4.16"
  resolved "https://registry.npmmirror.com/@vue/compiler-sfc/-/compiler-sfc-3.4.16.tgz"
  integrity sha512-zVYC42Q/NmbB4nigGcQeIvsLpBlq6K9wJP5jTFCqfpXWnkodxfLFQHDu2GntZ7yKOgwAjxuvLwrPx+I6LPL2vg==
  dependencies:
    "@babel/parser" "^7.23.9"
    "@vue/compiler-core" "3.4.16"
    "@vue/compiler-dom" "3.4.16"
    "@vue/compiler-ssr" "3.4.16"
    "@vue/shared" "3.4.16"
    estree-walker "^2.0.2"
    magic-string "^0.30.6"
    postcss "^8.4.33"
    source-map-js "^1.0.2"

"@vue/compiler-ssr@3.4.16":
  version "3.4.16"
  resolved "https://registry.npmmirror.com/@vue/compiler-ssr/-/compiler-ssr-3.4.16.tgz"
  integrity sha512-1kNF+fHdEB+5aTcPZ0hh/gzi9Ezq5IBO4bl/hV4Dg4fub6t12W6VGlsERtvdUaEowL35M3pojv0hOvLaq0FbdQ==
  dependencies:
    "@vue/compiler-dom" "3.4.16"
    "@vue/shared" "3.4.16"

"@vue/devtools-api@^6.5.0":
  version "6.5.1"
  resolved "https://registry.npmmirror.com/@vue/devtools-api/-/devtools-api-6.5.1.tgz"
  integrity sha512-+KpckaAQyfbvshdDW5xQylLni1asvNSGme1JFs8I1+/H5pHEhqUKMEQD/qn3Nx5+/nycBq11qAEi8lk+LXI2dA==

"@vue/reactivity@3.4.16":
  version "3.4.16"
  resolved "https://registry.npmmirror.com/@vue/reactivity/-/reactivity-3.4.16.tgz"
  integrity sha512-XTWRMBG10PGs4MxDoUdBEhMacS5QBUAlGeb5AmQysTQ16tXxQ0lymgbSTmR2h79v5dJDFuULuLWUbwc0uj6zqQ==
  dependencies:
    "@vue/shared" "3.4.16"

"@vue/runtime-core@3.4.16":
  version "3.4.16"
  resolved "https://registry.npmmirror.com/@vue/runtime-core/-/runtime-core-3.4.16.tgz"
  integrity sha512-vgS25M79AOY2EsBWxBcy9yAou10x2WHJhGN0FM/Ii8yum0a+KBfg8ehzq/cuDqfOPrtVrDPW+QkH3WNJNakfRw==
  dependencies:
    "@vue/reactivity" "3.4.16"
    "@vue/shared" "3.4.16"

"@vue/runtime-dom@3.4.16":
  version "3.4.16"
  resolved "https://registry.npmmirror.com/@vue/runtime-dom/-/runtime-dom-3.4.16.tgz"
  integrity sha512-X+knHfhefB8tX0rJG3d14U8p1CpeZ/qZxol9rN8ZAD9UalTInIsKXlBTd/xLC8GwO2aXVXxjaSIiTU5th5wj9Q==
  dependencies:
    "@vue/runtime-core" "3.4.16"
    "@vue/shared" "3.4.16"
    csstype "^3.1.3"

"@vue/server-renderer@3.4.16":
  version "3.4.16"
  resolved "https://registry.npmmirror.com/@vue/server-renderer/-/server-renderer-3.4.16.tgz"
  integrity sha512-e0PZDpk/eZgICYb0DTQ+OeBlgt0FYGo+2DEcUkZxw+pDgF1qL0aYaOqmPcSbL5KK0nizvuSd7k5HZOkSwSaC2g==
  dependencies:
    "@vue/compiler-ssr" "3.4.16"
    "@vue/shared" "3.4.16"

"@vue/shared@3.4.16":
  version "3.4.16"
  resolved "https://registry.npmmirror.com/@vue/shared/-/shared-3.4.16.tgz"
  integrity sha512-HKCjeaxR+R95dCw1BDaytcHdlzZj9lxj7RlFnxWtcKq670t8oSeMsbPlkzkNc2V6IUzHaMtUxdBcdREAhb+7NA==

async-validator@^4.2.5:
  version "4.2.5"
  resolved "https://registry.npmmirror.com/async-validator/-/async-validator-4.2.5.tgz"
  integrity sha512-7HhHjtERjqlNbZtqNqy2rckN/SpOOlmDliet+lP7k+eKZEjPk3DgyeU9lIXLdeLz0uBbbVp+9Qdow9wJWgwwfg==

cheap-ruler@^3.0.1:
  version "3.0.2"
  resolved "https://registry.npmmirror.com/cheap-ruler/-/cheap-ruler-3.0.2.tgz"
  integrity sha512-02T332h1/HTN6cDSufLP8x4JzDs2+VC+8qZ/N0kWIVPyc2xUkWwWh3B2fJxR7raXkL4Mq7k554mfuM9ofv/vGg==

css-render@^0.15.10, css-render@^0.15.12, css-render@~0.15.12:
  version "0.15.12"
  resolved "https://registry.npmmirror.com/css-render/-/css-render-0.15.12.tgz"
  integrity sha512-eWzS66patiGkTTik+ipO9qNGZ+uNuGyTmnz6/+EJIiFg8+3yZRpnMwgFo8YdXhQRsiePzehnusrxVvugNjXzbw==
  dependencies:
    "@emotion/hash" "~0.8.0"
    csstype "~3.0.5"

csscolorparser@~1.0.3:
  version "1.0.3"
  resolved "https://registry.npmmirror.com/csscolorparser/-/csscolorparser-1.0.3.tgz"
  integrity sha512-umPSgYwZkdFoUrH5hIq5kf0wPSXiro51nPw0j2K/c83KflkPSTBGMz6NJvMB+07VlL0y7VPo6QJcDjcgKTTm3w==

csstype@^3.1.3:
  version "3.1.3"
  resolved "https://registry.npmmirror.com/csstype/-/csstype-3.1.3.tgz"
  integrity sha512-M1uQkMl8rQK/szD0LNhtqxIPLpimGm8sOBwU7lLnCpSbTyY3yeU1Vc7l4KT5zT4s/yOxHH5O7tIuuLOCnLADRw==

csstype@~3.0.5:
  version "3.0.11"
  resolved "https://registry.npmmirror.com/csstype/-/csstype-3.0.11.tgz"
  integrity sha512-sa6P2wJ+CAbgyy4KFssIb/JNMLxFvKF1pCYCSXS8ZMuqZnMsrxqI2E5sPyoTpxoPU/gVZMzr2zjOfg8GIZOMsw==

date-fns-tz@^2.0.0:
  version "2.0.0"
  resolved "https://registry.npmmirror.com/date-fns-tz/-/date-fns-tz-2.0.0.tgz"
  integrity sha512-OAtcLdB9vxSXTWHdT8b398ARImVwQMyjfYGkKD2zaGpHseG2UPHbHjXELReErZFxWdSLph3c2zOaaTyHfOhERQ==

date-fns@^2.30.0, date-fns@>=2.0.0:
  version "2.30.0"
  resolved "https://registry.npmmirror.com/date-fns/-/date-fns-2.30.0.tgz"
  integrity sha512-fnULvOpxnC5/Vg3NCiWelDsLiUc9bRwAPs/+LfTLNvetFCtCTN+yQz15C/fs4AwX1R9K5GLtLfn8QW+dWisaAw==
  dependencies:
    "@babel/runtime" "^7.21.0"

earcut@^2.2.4:
  version "2.2.4"
  resolved "https://registry.npmmirror.com/earcut/-/earcut-2.2.4.tgz"
  integrity sha512-/pjZsA1b4RPHbeWZQn66SWS8nZZWLQQ23oE3Eam7aroEFGEvwKAsJfZ9ytiEMycfzXWpca4FA9QIOehf7PocBQ==

entities@^4.5.0:
  version "4.5.0"
  resolved "https://registry.npmmirror.com/entities/-/entities-4.5.0.tgz"
  integrity sha512-V0hjH4dGPh9Ao5p0MoRY6BVqtwCjhz6vI5LT8AJ55H+4g9/4vbHx1I54fS0XuclLhDHArPQCiMjDxjaL8fPxhw==

esbuild@^0.19.3:
  version "0.19.12"
  resolved "https://registry.npmmirror.com/esbuild/-/esbuild-0.19.12.tgz"
  integrity sha512-aARqgq8roFBj054KvQr5f1sFu0D65G+miZRCuJyJ0G13Zwx7vRar5Zhn2tkQNzIXcBrNVsv/8stehpj+GAjgbg==
  optionalDependencies:
    "@esbuild/aix-ppc64" "0.19.12"
    "@esbuild/android-arm" "0.19.12"
    "@esbuild/android-arm64" "0.19.12"
    "@esbuild/android-x64" "0.19.12"
    "@esbuild/darwin-arm64" "0.19.12"
    "@esbuild/darwin-x64" "0.19.12"
    "@esbuild/freebsd-arm64" "0.19.12"
    "@esbuild/freebsd-x64" "0.19.12"
    "@esbuild/linux-arm" "0.19.12"
    "@esbuild/linux-arm64" "0.19.12"
    "@esbuild/linux-ia32" "0.19.12"
    "@esbuild/linux-loong64" "0.19.12"
    "@esbuild/linux-mips64el" "0.19.12"
    "@esbuild/linux-ppc64" "0.19.12"
    "@esbuild/linux-riscv64" "0.19.12"
    "@esbuild/linux-s390x" "0.19.12"
    "@esbuild/linux-x64" "0.19.12"
    "@esbuild/netbsd-x64" "0.19.12"
    "@esbuild/openbsd-x64" "0.19.12"
    "@esbuild/sunos-x64" "0.19.12"
    "@esbuild/win32-arm64" "0.19.12"
    "@esbuild/win32-ia32" "0.19.12"
    "@esbuild/win32-x64" "0.19.12"

estree-walker@^2.0.2:
  version "2.0.2"
  resolved "https://registry.npmmirror.com/estree-walker/-/estree-walker-2.0.2.tgz"
  integrity sha512-Rfkk/Mp/DL7JVje3u18FxFujQlTNR2q6QfMSMB7AvCBx91NGj/ba3kCfza0f6dVDbw7YlRf/nDrn7pQrCCyQ/w==

evtd@^0.2.2, evtd@^0.2.4:
  version "0.2.4"
  resolved "https://registry.npmmirror.com/evtd/-/evtd-0.2.4.tgz"
  integrity sha512-qaeGN5bx63s/AXgQo8gj6fBkxge+OoLddLniox5qtLAEY5HSnuSlISXVPxnSae1dWblvTh4/HoMIB+mbMsvZzw==

geojson-vt@^3.2.1:
  version "3.2.1"
  resolved "https://registry.npmmirror.com/geojson-vt/-/geojson-vt-3.2.1.tgz"
  integrity sha512-EvGQQi/zPrDA6zr6BnJD/YhwAkBP8nnJ9emh3EnHQKVMfg/MRVtPbMYdgVy/IaEmn4UfagD2a6fafPDL5hbtwg==

get-stream@^6.0.1:
  version "6.0.1"
  resolved "https://registry.npmmirror.com/get-stream/-/get-stream-6.0.1.tgz"
  integrity sha512-ts6Wi+2j3jQjqi70w5AlN8DFnkSwC+MqmxEzdEALB2qXZYV3X/b1CTfgPLGJNMeAWxdPfU8FO1ms3NUfaHCPYg==

gl-matrix@^3.4.3:
  version "3.4.3"
  resolved "https://registry.npmmirror.com/gl-matrix/-/gl-matrix-3.4.3.tgz"
  integrity sha512-wcCp8vu8FT22BnvKVPjXa/ICBWRq/zjFfdofZy1WSpQZpphblv12/bOQLBC1rMM7SGOFS9ltVmKOHil5+Ml7gA==

grid-index@^1.1.0:
  version "1.1.0"
  resolved "https://registry.npmmirror.com/grid-index/-/grid-index-1.1.0.tgz"
  integrity sha512-HZRwumpOGUrHyxO5bqKZL0B0GlUpwtCAzZ42sgxUPniu33R1LSFH5yrIcBCHjkctCAh3mtWKcKd9J4vDDdeVHA==

highlight.js@^11.8.0:
  version "11.9.0"
  resolved "https://registry.npmmirror.com/highlight.js/-/highlight.js-11.9.0.tgz"
  integrity sha512-fJ7cW7fQGCYAkgv4CPfwFHrfd/cLS4Hau96JuJ+ZTOWhjnhoeN1ub1tFmALm/+lW5z4WCAuAV9bm05AP0mS6Gw==

ieee754@^1.1.12:
  version "1.2.1"
  resolved "https://registry.npmmirror.com/ieee754/-/ieee754-1.2.1.tgz"
  integrity sha512-dcyqhDvX1C46lXZcVqCpK+FtMRQVdIMN6/Df5js2zouUsqG7I6sFxitIC+7KYK29KdXOLHdu9zL4sFnoVQnqaA==

kdbush@^4.0.1, kdbush@^4.0.2:
  version "4.0.2"
  resolved "https://registry.npmmirror.com/kdbush/-/kdbush-4.0.2.tgz"
  integrity sha512-WbCVYJ27Sz8zi9Q7Q0xHC+05iwkm3Znipc2XTlrnJbsHMYktW4hPhXUE8Ys1engBrvffoSCqbil1JQAa7clRpA==

leaflet@^1.9.4:
  version "1.9.4"
  resolved "https://registry.npmmirror.com/leaflet/-/leaflet-1.9.4.tgz"
  integrity sha512-nxS1ynzJOmOlHp+iL3FyWqK89GtNL8U8rvlMOsQdTTssxZwCXh8N2NB3GDQOL+YR3XnWyZAxwQixURb+FA74PA==

lodash-es@^4.17.21:
  version "4.17.21"
  resolved "https://registry.npmmirror.com/lodash-es/-/lodash-es-4.17.21.tgz"
  integrity sha512-mKnC+QJ9pWVzv+C4/U3rRsHapFfHvQFoFB92e52xeyGMcX6/OlIl78je1u8vePzYZSkkogMPJ2yjxxsb89cxyw==

lodash@^4.17.21:
  version "4.17.21"
  resolved "https://registry.npmmirror.com/lodash/-/lodash-4.17.21.tgz"
  integrity sha512-v2kDEe57lecTulaDIuNTPy3Ry4gLGJ6Z1O3vE1krgXZNrsQ+LFTGHVxVjcXPs17LhbZVGedAJv8XZ1tvj5FvSg==

magic-string@^0.30.6:
  version "0.30.7"
  resolved "https://registry.npmmirror.com/magic-string/-/magic-string-0.30.7.tgz"
  integrity sha512-8vBuFF/I/+OSLRmdf2wwFCJCz+nSn0m6DPvGH1fS/KiQoSaR+sETbov0eIk9KhEKy8CYqIkIAnbohxT/4H0kuA==
  dependencies:
    "@jridgewell/sourcemap-codec" "^1.4.15"

mapbox-gl@^3.1.2:
  version "3.1.2"
  resolved "https://registry.npmmirror.com/mapbox-gl/-/mapbox-gl-3.1.2.tgz"
  integrity sha512-+KoLEqZM8GxO/ViPz9tKgGURteKne+Y0pXiVCNsowymiZFH3FiL6dt9oZE95owMg5XqD3Kygz5mfchR1ZgmWlA==
  dependencies:
    "@mapbox/geojson-rewind" "^0.5.2"
    "@mapbox/jsonlint-lines-primitives" "^2.0.2"
    "@mapbox/mapbox-gl-supported" "^2.0.1"
    "@mapbox/point-geometry" "^0.1.0"
    "@mapbox/tiny-sdf" "^2.0.6"
    "@mapbox/unitbezier" "^0.0.1"
    "@mapbox/vector-tile" "^1.3.1"
    "@mapbox/whoots-js" "^3.1.0"
    cheap-ruler "^3.0.1"
    csscolorparser "~1.0.3"
    earcut "^2.2.4"
    geojson-vt "^3.2.1"
    gl-matrix "^3.4.3"
    grid-index "^1.1.0"
    kdbush "^4.0.1"
    murmurhash-js "^1.0.0"
    pbf "^3.2.1"
    potpack "^2.0.0"
    quickselect "^2.0.0"
    rw "^1.3.3"
    supercluster "^8.0.0"
    tinyqueue "^2.0.3"
    vt-pbf "^3.1.3"

minimist@^1.2.6:
  version "1.2.8"
  resolved "https://registry.npmmirror.com/minimist/-/minimist-1.2.8.tgz"
  integrity sha512-2yyAR8qBkN3YuheJanUpWC5U3bb5osDywNB8RzDVlDwDHbocAJveqqj1u8+SVD7jkWT4yvsHCpWqqWqAxb0zCA==

murmurhash-js@^1.0.0:
  version "1.0.0"
  resolved "https://registry.npmmirror.com/murmurhash-js/-/murmurhash-js-1.0.0.tgz"
  integrity sha512-TvmkNhkv8yct0SVBSy+o8wYzXjE4Zz3PCesbfs8HiCXXdcTuocApFv11UWlNFWKYsP2okqrhb7JNlSm9InBhIw==

naive-ui@^2.37.3:
  version "2.37.3"
  resolved "https://registry.npmmirror.com/naive-ui/-/naive-ui-2.37.3.tgz"
  integrity sha512-aUkHFXVIluSi8Me+npbcsdv1NYhVMj5t9YaruoCESlqmfqspj+R2QHEVXkTtUI1kQwVrABMCtAGq/wountqjZA==
  dependencies:
    "@css-render/plugin-bem" "^0.15.12"
    "@css-render/vue3-ssr" "^0.15.12"
    "@types/katex" "^0.16.2"
    "@types/lodash" "^4.14.198"
    "@types/lodash-es" "^4.17.9"
    async-validator "^4.2.5"
    css-render "^0.15.12"
    csstype "^3.1.3"
    date-fns "^2.30.0"
    date-fns-tz "^2.0.0"
    evtd "^0.2.4"
    highlight.js "^11.8.0"
    lodash "^4.17.21"
    lodash-es "^4.17.21"
    seemly "^0.3.8"
    treemate "^0.3.11"
    vdirs "^0.1.8"
    vooks "^0.2.12"
    vueuc "^0.4.58"

nanoid@^3.3.7:
  version "3.3.7"
  resolved "https://registry.npmmirror.com/nanoid/-/nanoid-3.3.7.tgz"
  integrity sha512-eSRppjcPIatRIMC1U6UngP8XFcz8MQWGQdt1MTBQ7NaAmvXDfvNxbvWV3x2y6CdEUciCSsDHDQZbhYaB8QEo2g==

pbf@^3.2.1:
  version "3.2.1"
  resolved "https://registry.npmmirror.com/pbf/-/pbf-3.2.1.tgz"
  integrity sha512-ClrV7pNOn7rtmoQVF4TS1vyU0WhYRnP92fzbfF75jAIwpnzdJXf8iTd4CMEqO4yUenH6NDqLiwjqlh6QgZzgLQ==
  dependencies:
    ieee754 "^1.1.12"
    resolve-protobuf-schema "^2.1.0"

picocolors@^1.0.0:
  version "1.0.0"
  resolved "https://registry.npmmirror.com/picocolors/-/picocolors-1.0.0.tgz"
  integrity sha512-1fygroTLlHu66zi26VoTDv8yRgm0Fccecssto+MhsZ0D/DGW2sm8E8AjW7NU5VVTRt5GxbeZ5qBuJr+HyLYkjQ==

pinia@^2.1.7:
  version "2.1.7"
  resolved "https://registry.npmmirror.com/pinia/-/pinia-2.1.7.tgz"
  integrity sha512-+C2AHFtcFqjPih0zpYuvof37SFxMQ7OEG2zV9jRI12i9BOy3YQVAHwdKtyyc8pDcDyIc33WCIsZaCFWU7WWxGQ==
  dependencies:
    "@vue/devtools-api" "^6.5.0"
    vue-demi ">=0.14.5"

postcss@^8.4.33, postcss@^8.4.35:
  version "8.4.35"
  resolved "https://registry.npmmirror.com/postcss/-/postcss-8.4.35.tgz"
  integrity sha512-u5U8qYpBCpN13BsiEB0CbR1Hhh4Gc0zLFuedrHJKMctHCHAGrMdG0PRM/KErzAL3CU6/eckEtmHNB3x6e3c0vA==
  dependencies:
    nanoid "^3.3.7"
    picocolors "^1.0.0"
    source-map-js "^1.0.2"

potpack@^2.0.0:
  version "2.0.0"
  resolved "https://registry.npmmirror.com/potpack/-/potpack-2.0.0.tgz"
  integrity sha512-Q+/tYsFU9r7xoOJ+y/ZTtdVQwTWfzjbiXBDMM/JKUux3+QPP02iUuIoeBQ+Ot6oEDlC+/PGjB/5A3K7KKb7hcw==

protocol-buffers-schema@^3.3.1:
  version "3.6.0"
  resolved "https://registry.npmmirror.com/protocol-buffers-schema/-/protocol-buffers-schema-3.6.0.tgz"
  integrity sha512-TdDRD+/QNdrCGCE7v8340QyuXd4kIWIgapsE2+n/SaGiSSbomYl4TjHlvIoCWRpE7wFt02EpB35VVA2ImcBVqw==

quickselect@^2.0.0:
  version "2.0.0"
  resolved "https://registry.npmmirror.com/quickselect/-/quickselect-2.0.0.tgz"
  integrity sha512-RKJ22hX8mHe3Y6wH/N3wCM6BWtjaxIyyUIkpHOvfFnxdI4yD4tBXEBKSbriGujF6jnSVkJrffuo6vxACiSSxIw==

regenerator-runtime@^0.14.0:
  version "0.14.1"
  resolved "https://registry.npmmirror.com/regenerator-runtime/-/regenerator-runtime-0.14.1.tgz"
  integrity sha512-dYnhHh0nJoMfnkZs6GmmhFknAGRrLznOu5nc9ML+EJxGvrx6H7teuevqVqCuPcPK//3eDrrjQhehXVx9cnkGdw==

resolve-protobuf-schema@^2.1.0:
  version "2.1.0"
  resolved "https://registry.npmmirror.com/resolve-protobuf-schema/-/resolve-protobuf-schema-2.1.0.tgz"
  integrity sha512-kI5ffTiZWmJaS/huM8wZfEMer1eRd7oJQhDuxeCLe3t7N7mX3z94CN0xPxBQxFYQTSNz9T0i+v6inKqSdK8xrQ==
  dependencies:
    protocol-buffers-schema "^3.3.1"

rollup@^4.2.0:
  version "4.9.6"
  resolved "https://registry.npmmirror.com/rollup/-/rollup-4.9.6.tgz"
  integrity sha512-05lzkCS2uASX0CiLFybYfVkwNbKZG5NFQ6Go0VWyogFTXXbR039UVsegViTntkk4OglHBdF54ccApXRRuXRbsg==
  dependencies:
    "@types/estree" "1.0.5"
  optionalDependencies:
    "@rollup/rollup-android-arm-eabi" "4.9.6"
    "@rollup/rollup-android-arm64" "4.9.6"
    "@rollup/rollup-darwin-arm64" "4.9.6"
    "@rollup/rollup-darwin-x64" "4.9.6"
    "@rollup/rollup-linux-arm-gnueabihf" "4.9.6"
    "@rollup/rollup-linux-arm64-gnu" "4.9.6"
    "@rollup/rollup-linux-arm64-musl" "4.9.6"
    "@rollup/rollup-linux-riscv64-gnu" "4.9.6"
    "@rollup/rollup-linux-x64-gnu" "4.9.6"
    "@rollup/rollup-linux-x64-musl" "4.9.6"
    "@rollup/rollup-win32-arm64-msvc" "4.9.6"
    "@rollup/rollup-win32-ia32-msvc" "4.9.6"
    "@rollup/rollup-win32-x64-msvc" "4.9.6"
    fsevents "~2.3.2"

rw@^1.3.3:
  version "1.3.3"
  resolved "https://registry.npmmirror.com/rw/-/rw-1.3.3.tgz"
  integrity sha512-PdhdWy89SiZogBLaw42zdeqtRJ//zFd2PgQavcICDUgJT5oW10QCRKbJ6bg4r0/UY2M6BWd5tkxuGFRvCkgfHQ==

seemly@^0.3.6, seemly@^0.3.8:
  version "0.3.8"
  resolved "https://registry.npmmirror.com/seemly/-/seemly-0.3.8.tgz"
  integrity sha512-MW8Qs6vbzo0pHmDpFSYPna+lwpZ6Zk1ancbajw/7E8TKtHdV+1DfZZD+kKJEhG/cAoB/i+LiT+5msZOqj0DwRA==

source-map-js@^1.0.2:
  version "1.0.2"
  resolved "https://registry.npmmirror.com/source-map-js/-/source-map-js-1.0.2.tgz"
  integrity sha512-R0XvVJ9WusLiqTCEiGCmICCMplcCkIwwR11mOSD9CR5u+IXYdiseeEuXCVAjS54zqwkLcPNnmU4OeJ6tUrWhDw==

supercluster@^8.0.0, supercluster@^8.0.1:
  version "8.0.1"
  resolved "https://registry.npmmirror.com/supercluster/-/supercluster-8.0.1.tgz"
  integrity sha512-IiOea5kJ9iqzD2t7QJq/cREyLHTtSmUT6gQsweojg9WH2sYJqZK9SswTu6jrscO6D1G5v5vYZ9ru/eq85lXeZQ==
  dependencies:
    kdbush "^4.0.2"

tinyqueue@^2.0.3:
  version "2.0.3"
  resolved "https://registry.npmmirror.com/tinyqueue/-/tinyqueue-2.0.3.tgz"
  integrity sha512-ppJZNDuKGgxzkHihX8v9v9G5f+18gzaTfrukGrq6ueg0lmH4nqVnA2IPG0AEH3jKEk2GRJCUhDoqpoiw3PHLBA==

treemate@^0.3.11:
  version "0.3.11"
  resolved "https://registry.npmmirror.com/treemate/-/treemate-0.3.11.tgz"
  integrity sha512-M8RGFoKtZ8dF+iwJfAJTOH/SM4KluKOKRJpjCMhI8bG3qB74zrFoArKZ62ll0Fr3mqkMJiQOmWYkdYgDeITYQg==

vdirs@^0.1.4, vdirs@^0.1.8:
  version "0.1.8"
  resolved "https://registry.npmmirror.com/vdirs/-/vdirs-0.1.8.tgz"
  integrity sha512-H9V1zGRLQZg9b+GdMk8MXDN2Lva0zx72MPahDKc30v+DtwKjfyOSXWRIX4t2mhDubM1H09gPhWeth/BJWPHGUw==
  dependencies:
    evtd "^0.2.2"

vite@^5.0.0, vite@^5.0.11:
  version "5.1.0"
  resolved "https://registry.npmmirror.com/vite/-/vite-5.1.0.tgz"
  integrity sha512-STmSFzhY4ljuhz14bg9LkMTk3d98IO6DIArnTY6MeBwiD1Za2StcQtz7fzOUnRCqrHSD5+OS2reg4HOz1eoLnw==
  dependencies:
    esbuild "^0.19.3"
    postcss "^8.4.35"
    rollup "^4.2.0"
  optionalDependencies:
    fsevents "~2.3.3"

vooks@^0.2.12, vooks@^0.2.4:
  version "0.2.12"
  resolved "https://registry.npmmirror.com/vooks/-/vooks-0.2.12.tgz"
  integrity sha512-iox0I3RZzxtKlcgYaStQYKEzWWGAduMmq+jS7OrNdQo1FgGfPMubGL3uGHOU9n97NIvfFDBGnpSvkWyb/NSn/Q==
  dependencies:
    evtd "^0.2.2"

vt-pbf@^3.1.3:
  version "3.1.3"
  resolved "https://registry.npmmirror.com/vt-pbf/-/vt-pbf-3.1.3.tgz"
  integrity sha512-2LzDFzt0mZKZ9IpVF2r69G9bXaP2Q2sArJCmcCgvfTdCCZzSyz4aCLoQyUilu37Ll56tCblIZrXFIjNUpGIlmA==
  dependencies:
    "@mapbox/point-geometry" "0.1.0"
    "@mapbox/vector-tile" "^1.3.1"
    pbf "^3.2.1"

vue-demi@>=0.14.5:
  version "0.14.7"
  resolved "https://registry.npmmirror.com/vue-demi/-/vue-demi-0.14.7.tgz"
  integrity sha512-EOG8KXDQNwkJILkx/gPcoL/7vH+hORoBaKgGe+6W7VFMvCYJfmF2dGbvgDroVnI8LU7/kTu8mbjRZGBU1z9NTA==

vue-router@^4.2.5:
  version "4.2.5"
  resolved "https://registry.npmmirror.com/vue-router/-/vue-router-4.2.5.tgz"
  integrity sha512-DIUpKcyg4+PTQKfFPX88UWhlagBEBEfJ5A8XDXRJLUnZOvcpMF8o/dnL90vpVkGaPbjvXazV/rC1qBKrZlFugw==
  dependencies:
    "@vue/devtools-api" "^6.5.0"

"vue@^2.6.14 || ^3.3.0", vue@^3.0.0, "vue@^3.0.0-0 || ^2.6.0", vue@^3.0.11, vue@^3.2.0, vue@^3.2.25, vue@^3.4.15, vue@3.4.16:
  version "3.4.16"
  resolved "https://registry.npmmirror.com/vue/-/vue-3.4.16.tgz"
  integrity sha512-l5/KcZRp3GbsFXQGeCL9ll1JfRU285K/7l8mZM+dEO+CnE1j26MvfBKJi17iCRRwstl+Jz7KSLlzj9L79fB6WA==
  dependencies:
    "@vue/compiler-dom" "3.4.16"
    "@vue/compiler-sfc" "3.4.16"
    "@vue/runtime-dom" "3.4.16"
    "@vue/server-renderer" "3.4.16"
    "@vue/shared" "3.4.16"

vueuc@^0.4.58:
  version "0.4.58"
  resolved "https://registry.npmmirror.com/vueuc/-/vueuc-0.4.58.tgz"
  integrity sha512-Wnj/N8WbPRSxSt+9ji1jtDHPzda5h2OH/0sFBhvdxDRuyCZbjGg3/cKMaKqEoe+dErTexG2R+i6Q8S/Toq1MYg==
  dependencies:
    "@css-render/vue3-ssr" "^0.15.10"
    "@juggle/resize-observer" "^3.3.1"
    css-render "^0.15.10"
    evtd "^0.2.4"
    seemly "^0.3.6"
    vdirs "^0.1.4"
    vooks "^0.2.4"
